
Microsoft Visual Studio Solution File, Format Version 12.00
# Visual Studio Version 17
VisualStudioVersion = 17.0.32112.339
MinimumVisualStudioVersion = 10.0.40219.1
Project("{F2A71F9B-5D33-465A-A702-920D77279786}") = "ShibuyaTools", "ShibuyaTools\ShibuyaTools.fsproj", "{379FE19C-4F21-40A2-9A35-6E7A191531B0}"
EndProject
Global
	GlobalSection(SolutionConfigurationPlatforms) = preSolution
		Debug|Any CPU = Debug|Any CPU
		Release|Any CPU = Release|Any CPU
	EndGlobalSection
	GlobalSection(ProjectConfigurationPlatforms) = postSolution
		{379FE19C-4F21-40A2-9A35-6E7A191531B0}.Debug|Any CPU.ActiveCfg = Debug|Any CPU
		{379FE19C-4F21-40A2-9A35-6E7A191531B0}.Debug|Any CPU.Build.0 = Debug|Any CPU
		{379FE19C-4F21-40A2-9A35-6E7A191531B0}.Release|Any CPU.ActiveCfg = Release|Any CPU
		{379FE19C-4F21-40A2-9A35-6E7A191531B0}.Release|Any CPU.Build.0 = Release|Any CPU
	EndGlobalSection
	GlobalSection(SolutionProperties) = preSolution
		HideSolutionNode = FALSE
	EndGlobalSection
	GlobalSection(ExtensibilityGlobals) = postSolution
		SolutionGuid = {0F41E3D2-29B5-418F-908B-7D8EFF9410DA}
	EndGlobalSection
EndGlobal
